
Microsoft Visual Studio Solution File, Format Version 12.00
# Visual Studio Version 17
VisualStudioVersion = 17.12.35209.166
MinimumVisualStudioVersion = 10.0.40219.1
Project("{888888A0-9F3D-457C-B088-3A5042F75D52}") = "funktsioonid", "funktsioonid.pyproj", "{50C24BD4-94C4-4035-9994-C464653923B1}"
EndProject
Global
	GlobalSection(SolutionConfigurationPlatforms) = preSolution
		Debug|Any CPU = Debug|Any CPU
		Release|Any CPU = Release|Any CPU
	EndGlobalSection
	GlobalSection(ProjectConfigurationPlatforms) = postSolution
		{50C24BD4-94C4-4035-9994-C464653923B1}.Debug|Any CPU.ActiveCfg = Debug|Any CPU
		{50C24BD4-94C4-4035-9994-C464653923B1}.Release|Any CPU.ActiveCfg = Release|Any CPU
	EndGlobalSection
	GlobalSection(SolutionProperties) = preSolution
		HideSolutionNode = FALSE
	EndGlobalSection
	GlobalSection(ExtensibilityGlobals) = postSolution
		SolutionGuid = {ED82CFA8-DDCE-47AF-B740-A3A9C1756A33}
	EndGlobalSection
EndGlobal
