
Microsoft Visual Studio Solution File, Format Version 12.00
# Visual Studio Version 17
VisualStudioVersion = 17.12.35209.166
MinimumVisualStudioVersion = 10.0.40219.1
Project("{888888A0-9F3D-457C-B088-3A5042F75D52}") = "kivi-paber-kaarid-igor", "kivi-paber-kaarid-igor.pyproj", "{05066E70-8B0B-4C2A-B6FB-B3D418002975}"
EndProject
Global
	GlobalSection(SolutionConfigurationPlatforms) = preSolution
		Debug|Any CPU = Debug|Any CPU
		Release|Any CPU = Release|Any CPU
	EndGlobalSection
	GlobalSection(ProjectConfigurationPlatforms) = postSolution
		{05066E70-8B0B-4C2A-B6FB-B3D418002975}.Debug|Any CPU.ActiveCfg = Debug|Any CPU
		{05066E70-8B0B-4C2A-B6FB-B3D418002975}.Release|Any CPU.ActiveCfg = Release|Any CPU
	EndGlobalSection
	GlobalSection(SolutionProperties) = preSolution
		HideSolutionNode = FALSE
	EndGlobalSection
	GlobalSection(ExtensibilityGlobals) = postSolution
		SolutionGuid = {E5635CE1-17EC-4E44-B0A8-4C63A4B69375}
	EndGlobalSection
EndGlobal
