
Microsoft Visual Studio Solution File, Format Version 12.00
# Visual Studio Version 17
VisualStudioVersion = 17.12.35209.166
MinimumVisualStudioVersion = 10.0.40219.1
Project("{888888A0-9F3D-457C-B088-3A5042F75D52}") = "vigade otsing 2", "vigade otsing 2.pyproj", "{3C56D593-8E66-4B37-971C-7FED939E3005}"
EndProject
Global
	GlobalSection(SolutionConfigurationPlatforms) = preSolution
		Debug|Any CPU = Debug|Any CPU
		Release|Any CPU = Release|Any CPU
	EndGlobalSection
	GlobalSection(ProjectConfigurationPlatforms) = postSolution
		{3C56D593-8E66-4B37-971C-7FED939E3005}.Debug|Any CPU.ActiveCfg = Debug|Any CPU
		{3C56D593-8E66-4B37-971C-7FED939E3005}.Release|Any CPU.ActiveCfg = Release|Any CPU
	EndGlobalSection
	GlobalSection(SolutionProperties) = preSolution
		HideSolutionNode = FALSE
	EndGlobalSection
	GlobalSection(ExtensibilityGlobals) = postSolution
		SolutionGuid = {F46A0A80-C3B5-44FE-AD3C-74DA55448D96}
	EndGlobalSection
EndGlobal
