
Microsoft Visual Studio Solution File, Format Version 12.00
# Visual Studio Version 17
VisualStudioVersion = 17.12.35209.166
MinimumVisualStudioVersion = 10.0.40219.1
Project("{888888A0-9F3D-457C-B088-3A5042F75D52}") = "plokkskeemide jargi too", "plokkskeemide jargi too.pyproj", "{61A4960F-D39A-433F-984C-4DA0550F1ACF}"
EndProject
Global
	GlobalSection(SolutionConfigurationPlatforms) = preSolution
		Debug|Any CPU = Debug|Any CPU
		Release|Any CPU = Release|Any CPU
	EndGlobalSection
	GlobalSection(ProjectConfigurationPlatforms) = postSolution
		{61A4960F-D39A-433F-984C-4DA0550F1ACF}.Debug|Any CPU.ActiveCfg = Debug|Any CPU
		{61A4960F-D39A-433F-984C-4DA0550F1ACF}.Release|Any CPU.ActiveCfg = Release|Any CPU
	EndGlobalSection
	GlobalSection(SolutionProperties) = preSolution
		HideSolutionNode = FALSE
	EndGlobalSection
	GlobalSection(ExtensibilityGlobals) = postSolution
		SolutionGuid = {7B4191D3-229C-410D-AB17-81A5853146E3}
	EndGlobalSection
EndGlobal
