
Microsoft Visual Studio Solution File, Format Version 12.00
# Visual Studio Version 17
VisualStudioVersion = 17.12.35209.166
MinimumVisualStudioVersion = 10.0.40219.1
Project("{888888A0-9F3D-457C-B088-3A5042F75D52}") = "fotorobot", "fotorobot.pyproj", "{C86B75EE-D050-44F5-884A-3A86DCEAAE64}"
EndProject
Global
	GlobalSection(SolutionConfigurationPlatforms) = preSolution
		Debug|Any CPU = Debug|Any CPU
		Release|Any CPU = Release|Any CPU
	EndGlobalSection
	GlobalSection(ProjectConfigurationPlatforms) = postSolution
		{C86B75EE-D050-44F5-884A-3A86DCEAAE64}.Debug|Any CPU.ActiveCfg = Debug|Any CPU
		{C86B75EE-D050-44F5-884A-3A86DCEAAE64}.Release|Any CPU.ActiveCfg = Release|Any CPU
	EndGlobalSection
	GlobalSection(SolutionProperties) = preSolution
		HideSolutionNode = FALSE
	EndGlobalSection
	GlobalSection(ExtensibilityGlobals) = postSolution
		SolutionGuid = {F4B66816-BEF1-4AB1-9467-6049BC368D24}
	EndGlobalSection
EndGlobal
