
Microsoft Visual Studio Solution File, Format Version 12.00
# Visual Studio Version 17
VisualStudioVersion = 17.13.35806.99 d17.13
MinimumVisualStudioVersion = 10.0.40219.1
Project("{888888A0-9F3D-457C-B088-3A5042F75D52}") = "sonastik", "sonastik.pyproj", "{17CEAD0E-E44A-4FA3-866C-35D27A7D1545}"
EndProject
Global
	GlobalSection(SolutionConfigurationPlatforms) = preSolution
		Debug|Any CPU = Debug|Any CPU
		Release|Any CPU = Release|Any CPU
	EndGlobalSection
	GlobalSection(ProjectConfigurationPlatforms) = postSolution
		{17CEAD0E-E44A-4FA3-866C-35D27A7D1545}.Debug|Any CPU.ActiveCfg = Debug|Any CPU
		{17CEAD0E-E44A-4FA3-866C-35D27A7D1545}.Release|Any CPU.ActiveCfg = Release|Any CPU
	EndGlobalSection
	GlobalSection(SolutionProperties) = preSolution
		HideSolutionNode = FALSE
	EndGlobalSection
	GlobalSection(ExtensibilityGlobals) = postSolution
		SolutionGuid = {E15F496B-3F11-434E-BA56-9B4F9ABE1A25}
	EndGlobalSection
EndGlobal
